
Microsoft Visual Studio Solution File, Format Version 12.00
# Visual Studio 15
VisualStudioVersion = 15.0.27428.2037
MinimumVisualStudioVersion = 10.0.40219.1
Project("{FAE04EC0-301F-11D3-BF4B-00C04F79EFBC}") = "Paint 0.5", "Paint 0.5\Paint 0.5.csproj", "{7B0AD791-2F07-404C-AEB6-0DFD7166E4EF}"
EndProject
Global
	GlobalSection(SolutionConfigurationPlatforms) = preSolution
		Debug|Any CPU = Debug|Any CPU
		Release|Any CPU = Release|Any CPU
	EndGlobalSection
	GlobalSection(ProjectConfigurationPlatforms) = postSolution
		{7B0AD791-2F07-404C-AEB6-0DFD7166E4EF}.Debug|Any CPU.ActiveCfg = Debug|Any CPU
		{7B0AD791-2F07-404C-AEB6-0DFD7166E4EF}.Debug|Any CPU.Build.0 = Debug|Any CPU
		{7B0AD791-2F07-404C-AEB6-0DFD7166E4EF}.Release|Any CPU.ActiveCfg = Release|Any CPU
		{7B0AD791-2F07-404C-AEB6-0DFD7166E4EF}.Release|Any CPU.Build.0 = Release|Any CPU
	EndGlobalSection
	GlobalSection(SolutionProperties) = preSolution
		HideSolutionNode = FALSE
	EndGlobalSection
	GlobalSection(ExtensibilityGlobals) = postSolution
		SolutionGuid = {AA3DF34B-E22A-49AB-899A-E01775136B29}
	EndGlobalSection
EndGlobal
